// !$*UTF8*$!
{
	archiveVersion = 1;
	classes = {
	};
	objectVersion = 50;
	objects = {

/* Begin PBXBuildFile section */
		2D00F4D4268C282C0027A7AA /* DailyScrum.swift in Sources */ = {isa = PBXBuildFile; fileRef = 2D00F4D3268C282C0027A7AA /* DailyScrum.swift */; };
		2D00F4D7268C2ABB0027A7AA /* CardView.swift in Sources */ = {isa = PBXBuildFile; fileRef = 2D00F4D6268C2ABB0027A7AA /* CardView.swift */; };
		2D00F4D9268C2E310027A7AA /* ScrumsView.swift in Sources */ = {isa = PBXBuildFile; fileRef = 2D00F4D8268C2E310027A7AA /* ScrumsView.swift */; };
		2D00F4DB268C31040027A7AA /* Color+Codable.swift in Sources */ = {isa = PBXBuildFile; fileRef = 2D00F4DA268C31040027A7AA /* Color+Codable.swift */; };
		2D195870268DB0C2002AD913 /* AVPlayer+Ding.swift in Sources */ = {isa = PBXBuildFile; fileRef = 2D19586F268DB0C2002AD913 /* AVPlayer+Ding.swift */; };
		2D3E0A66268C520200D67588 /* DetailView.swift in Sources */ = {isa = PBXBuildFile; fileRef = 2D3E0A65268C520200D67588 /* DetailView.swift */; };
		2D3E0A68268C5C0900D67588 /* EditView.swift in Sources */ = {isa = PBXBuildFile; fileRef = 2D3E0A67268C5C0900D67588 /* EditView.swift */; };
		2D616B79268EEC7400D57277 /* MeetingTimerView.swift in Sources */ = {isa = PBXBuildFile; fileRef = 2D616B78268EEC7400D57277 /* MeetingTimerView.swift */; };
		2DADA3A8268D7D5D00037697 /* MeetingHeaderView.swift in Sources */ = {isa = PBXBuildFile; fileRef = 2DADA3A7268D7D5D00037697 /* MeetingHeaderView.swift */; };
		2DADA3AB268D8F3B00037697 /* ding.wav in Resources */ = {isa = PBXBuildFile; fileRef = 2DADA3AA268D8F3B00037697 /* ding.wav */; };
		2DADA3AD268D8F9A00037697 /* ScrumProgressViewStyle.swift in Sources */ = {isa = PBXBuildFile; fileRef = 2DADA3AC268D8F9A00037697 /* ScrumProgressViewStyle.swift */; };
		2DADA3AF268D90DC00037697 /* ScrumTimer.swift in Sources */ = {isa = PBXBuildFile; fileRef = 2DADA3AE268D90DC00037697 /* ScrumTimer.swift */; };
		2DADA3B1268D979100037697 /* MeetingFooterView.swift in Sources */ = {isa = PBXBuildFile; fileRef = 2DADA3B0268D979100037697 /* MeetingFooterView.swift */; };
		2DCC2A40268B15B400D7251F /* ScrumdingerApp.swift in Sources */ = {isa = PBXBuildFile; fileRef = 2DCC2A3F268B15B400D7251F /* ScrumdingerApp.swift */; };
		2DCC2A42268B15B400D7251F /* MeetingView.swift in Sources */ = {isa = PBXBuildFile; fileRef = 2DCC2A41268B15B400D7251F /* MeetingView.swift */; };
		2DCC2A44268B15B700D7251F /* Assets.xcassets in Resources */ = {isa = PBXBuildFile; fileRef = 2DCC2A43268B15B700D7251F /* Assets.xcassets */; };
		2DCC2A47268B15B700D7251F /* Preview Assets.xcassets in Resources */ = {isa = PBXBuildFile; fileRef = 2DCC2A46268B15B700D7251F /* Preview Assets.xcassets */; };
		2DD09B4F268EA71A00FFF832 /* History.swift in Sources */ = {isa = PBXBuildFile; fileRef = 2DD09B4E268EA71A00FFF832 /* History.swift */; };
		2DD09B51268EB17E00FFF832 /* ScrumData.swift in Sources */ = {isa = PBXBuildFile; fileRef = 2DD09B50268EB17E00FFF832 /* ScrumData.swift */; };
/* End PBXBuildFile section */

/* Begin PBXFileReference section */
		2D00F4D3268C282C0027A7AA /* DailyScrum.swift */ = {isa = PBXFileReference; lastKnownFileType = sourcecode.swift; path = DailyScrum.swift; sourceTree = "<group>"; };
		2D00F4D6268C2ABB0027A7AA /* CardView.swift */ = {isa = PBXFileReference; lastKnownFileType = sourcecode.swift; path = CardView.swift; sourceTree = "<group>"; };
		2D00F4D8268C2E310027A7AA /* ScrumsView.swift */ = {isa = PBXFileReference; lastKnownFileType = sourcecode.swift; path = ScrumsView.swift; sourceTree = "<group>"; };
		2D00F4DA268C31040027A7AA /* Color+Codable.swift */ = {isa = PBXFileReference; lastKnownFileType = sourcecode.swift; path = "Color+Codable.swift"; sourceTree = "<group>"; };
		2D19586F268DB0C2002AD913 /* AVPlayer+Ding.swift */ = {isa = PBXFileReference; fileEncoding = 4; lastKnownFileType = sourcecode.swift; path = "AVPlayer+Ding.swift"; sourceTree = "<group>"; };
		2D3E0A65268C520200D67588 /* DetailView.swift */ = {isa = PBXFileReference; lastKnownFileType = sourcecode.swift; path = DetailView.swift; sourceTree = "<group>"; };
		2D3E0A67268C5C0900D67588 /* EditView.swift */ = {isa = PBXFileReference; lastKnownFileType = sourcecode.swift; path = EditView.swift; sourceTree = "<group>"; };
		2D616B78268EEC7400D57277 /* MeetingTimerView.swift */ = {isa = PBXFileReference; lastKnownFileType = sourcecode.swift; path = MeetingTimerView.swift; sourceTree = "<group>"; };
		2DADA3A7268D7D5D00037697 /* MeetingHeaderView.swift */ = {isa = PBXFileReference; lastKnownFileType = sourcecode.swift; path = MeetingHeaderView.swift; sourceTree = "<group>"; };
		2DADA3AA268D8F3B00037697 /* ding.wav */ = {isa = PBXFileReference; lastKnownFileType = audio.wav; path = ding.wav; sourceTree = "<group>"; };
		2DADA3AC268D8F9A00037697 /* ScrumProgressViewStyle.swift */ = {isa = PBXFileReference; fileEncoding = 4; lastKnownFileType = sourcecode.swift; path = ScrumProgressViewStyle.swift; sourceTree = "<group>"; };
		2DADA3AE268D90DC00037697 /* ScrumTimer.swift */ = {isa = PBXFileReference; fileEncoding = 4; lastKnownFileType = sourcecode.swift; path = ScrumTimer.swift; sourceTree = "<group>"; };
		2DADA3B0268D979100037697 /* MeetingFooterView.swift */ = {isa = PBXFileReference; lastKnownFileType = sourcecode.swift; path = MeetingFooterView.swift; sourceTree = "<group>"; };
		2DCC2A3C268B15B400D7251F /* Scrumdinger.app */ = {isa = PBXFileReference; explicitFileType = wrapper.application; includeInIndex = 0; path = Scrumdinger.app; sourceTree = BUILT_PRODUCTS_DIR; };
		2DCC2A3F268B15B400D7251F /* ScrumdingerApp.swift */ = {isa = PBXFileReference; lastKnownFileType = sourcecode.swift; path = ScrumdingerApp.swift; sourceTree = "<group>"; };
		2DCC2A41268B15B400D7251F /* MeetingView.swift */ = {isa = PBXFileReference; lastKnownFileType = sourcecode.swift; path = MeetingView.swift; sourceTree = "<group>"; };
		2DCC2A43268B15B700D7251F /* Assets.xcassets */ = {isa = PBXFileReference; lastKnownFileType = folder.assetcatalog; path = Assets.xcassets; sourceTree = "<group>"; };
		2DCC2A46268B15B700D7251F /* Preview Assets.xcassets */ = {isa = PBXFileReference; lastKnownFileType = folder.assetcatalog; path = "Preview Assets.xcassets"; sourceTree = "<group>"; };
		2DCC2A48268B15B700D7251F /* Info.plist */ = {isa = PBXFileReference; lastKnownFileType = text.plist.xml; path = Info.plist; sourceTree = "<group>"; };
		2DD09B4E268EA71A00FFF832 /* History.swift */ = {isa = PBXFileReference; lastKnownFileType = sourcecode.swift; path = History.swift; sourceTree = "<group>"; };
		2DD09B50268EB17E00FFF832 /* ScrumData.swift */ = {isa = PBXFileReference; lastKnownFileType = sourcecode.swift; path = ScrumData.swift; sourceTree = "<group>"; };
/* End PBXFileReference section */

/* Begin PBXFrameworksBuildPhase section */
		2DCC2A39268B15B400D7251F /* Frameworks */ = {
			isa = PBXFrameworksBuildPhase;
			buildActionMask = 2147483647;
			files = (
			);
			runOnlyForDeploymentPostprocessing = 0;
		};
/* End PBXFrameworksBuildPhase section */

/* Begin PBXGroup section */
		2D00F4D2268C281B0027A7AA /* Models */ = {
			isa = PBXGroup;
			children = (
				2D00F4DA268C31040027A7AA /* Color+Codable.swift */,
				2D00F4D3268C282C0027A7AA /* DailyScrum.swift */,
				2DADA3AE268D90DC00037697 /* ScrumTimer.swift */,
				2D19586F268DB0C2002AD913 /* AVPlayer+Ding.swift */,
				2DD09B4E268EA71A00FFF832 /* History.swift */,
				2DD09B50268EB17E00FFF832 /* ScrumData.swift */,
			);
			path = Models;
			sourceTree = "<group>";
		};
		2D00F4D5268C2A910027A7AA /* View */ = {
			isa = PBXGroup;
			children = (
				2DCC2A41268B15B400D7251F /* MeetingView.swift */,
				2D00F4D6268C2ABB0027A7AA /* CardView.swift */,
				2D00F4D8268C2E310027A7AA /* ScrumsView.swift */,
				2D3E0A65268C520200D67588 /* DetailView.swift */,
				2D3E0A67268C5C0900D67588 /* EditView.swift */,
				2DADA3A7268D7D5D00037697 /* MeetingHeaderView.swift */,
				2DADA3B0268D979100037697 /* MeetingFooterView.swift */,
				2D616B78268EEC7400D57277 /* MeetingTimerView.swift */,
			);
			path = View;
			sourceTree = "<group>";
		};
		2DADA3A9268D8F1F00037697 /* Resources */ = {
			isa = PBXGroup;
			children = (
				2DADA3AC268D8F9A00037697 /* ScrumProgressViewStyle.swift */,
				2DADA3AA268D8F3B00037697 /* ding.wav */,
			);
			path = Resources;
			sourceTree = "<group>";
		};
		2DCC2A33268B15B400D7251F = {
			isa = PBXGroup;
			children = (
				2DCC2A3E268B15B400D7251F /* Scrumdinger */,
				2DCC2A3D268B15B400D7251F /* Products */,
			);
			sourceTree = "<group>";
		};
		2DCC2A3D268B15B400D7251F /* Products */ = {
			isa = PBXGroup;
			children = (
				2DCC2A3C268B15B400D7251F /* Scrumdinger.app */,
			);
			name = Products;
			sourceTree = "<group>";
		};
		2DCC2A3E268B15B400D7251F /* Scrumdinger */ = {
			isa = PBXGroup;
			children = (
				2D00F4D2268C281B0027A7AA /* Models */,
				2D00F4D5268C2A910027A7AA /* View */,
				2DCC2A3F268B15B400D7251F /* ScrumdingerApp.swift */,
				2DADA3A9268D8F1F00037697 /* Resources */,
				2DCC2A43268B15B700D7251F /* Assets.xcassets */,
				2DCC2A48268B15B700D7251F /* Info.plist */,
				2DCC2A45268B15B700D7251F /* Preview Content */,
			);
			path = Scrumdinger;
			sourceTree = "<group>";
		};
		2DCC2A45268B15B700D7251F /* Preview Content */ = {
			isa = PBXGroup;
			children = (
				2DCC2A46268B15B700D7251F /* Preview Assets.xcassets */,
			);
			path = "Preview Content";
			sourceTree = "<group>";
		};
/* End PBXGroup section */

/* Begin PBXNativeTarget section */
		2DCC2A3B268B15B400D7251F /* Scrumdinger */ = {
			isa = PBXNativeTarget;
			buildConfigurationList = 2DCC2A4B268B15B700D7251F /* Build configuration list for PBXNativeTarget "Scrumdinger" */;
			buildPhases = (
				2DCC2A38268B15B400D7251F /* Sources */,
				2DCC2A39268B15B400D7251F /* Frameworks */,
				2DCC2A3A268B15B400D7251F /* Resources */,
			);
			buildRules = (
			);
			dependencies = (
			);
			name = Scrumdinger;
			productName = Scrumdinger;
			productReference = 2DCC2A3C268B15B400D7251F /* Scrumdinger.app */;
			productType = "com.apple.product-type.application";
		};
/* End PBXNativeTarget section */

/* Begin PBXProject section */
		2DCC2A34268B15B400D7251F /* Project object */ = {
			isa = PBXProject;
			attributes = {
				LastSwiftUpdateCheck = 1250;
				LastUpgradeCheck = 1250;
				TargetAttributes = {
					2DCC2A3B268B15B400D7251F = {
						CreatedOnToolsVersion = 12.5;
					};
				};
			};
			buildConfigurationList = 2DCC2A37268B15B400D7251F /* Build configuration list for PBXProject "Scrumdinger" */;
			compatibilityVersion = "Xcode 9.3";
			developmentRegion = en;
			hasScannedForEncodings = 0;
			knownRegions = (
				en,
				Base,
			);
			mainGroup = 2DCC2A33268B15B400D7251F;
			productRefGroup = 2DCC2A3D268B15B400D7251F /* Products */;
			projectDirPath = "";
			projectRoot = "";
			targets = (
				2DCC2A3B268B15B400D7251F /* Scrumdinger */,
			);
		};
/* End PBXProject section */

/* Begin PBXResourcesBuildPhase section */
		2DCC2A3A268B15B400D7251F /* Resources */ = {
			isa = PBXResourcesBuildPhase;
			buildActionMask = 2147483647;
			files = (
				2DADA3AB268D8F3B00037697 /* ding.wav in Resources */,
				2DCC2A47268B15B700D7251F /* Preview Assets.xcassets in Resources */,
				2DCC2A44268B15B700D7251F /* Assets.xcassets in Resources */,
			);
			runOnlyForDeploymentPostprocessing = 0;
		};
/* End PBXResourcesBuildPhase section */

/* Begin PBXSourcesBuildPhase section */
		2DCC2A38268B15B400D7251F /* Sources */ = {
			isa = PBXSourcesBuildPhase;
			buildActionMask = 2147483647;
			files = (
				2DCC2A42268B15B400D7251F /* MeetingView.swift in Sources */,
				2D00F4D4268C282C0027A7AA /* DailyScrum.swift in Sources */,
				2DD09B4F268EA71A00FFF832 /* History.swift in Sources */,
				2D3E0A68268C5C0900D67588 /* EditView.swift in Sources */,
				2D195870268DB0C2002AD913 /* AVPlayer+Ding.swift in Sources */,
				2DD09B51268EB17E00FFF832 /* ScrumData.swift in Sources */,
				2D616B79268EEC7400D57277 /* MeetingTimerView.swift in Sources */,
				2DADA3A8268D7D5D00037697 /* MeetingHeaderView.swift in Sources */,
				2D00F4D7268C2ABB0027A7AA /* CardView.swift in Sources */,
				2DADA3B1268D979100037697 /* MeetingFooterView.swift in Sources */,
				2D3E0A66268C520200D67588 /* DetailView.swift in Sources */,
				2DADA3AF268D90DC00037697 /* ScrumTimer.swift in Sources */,
				2D00F4D9268C2E310027A7AA /* ScrumsView.swift in Sources */,
				2D00F4DB268C31040027A7AA /* Color+Codable.swift in Sources */,
				2DADA3AD268D8F9A00037697 /* ScrumProgressViewStyle.swift in Sources */,
				2DCC2A40268B15B400D7251F /* ScrumdingerApp.swift in Sources */,
			);
			runOnlyForDeploymentPostprocessing = 0;
		};
/* End PBXSourcesBuildPhase section */

/* Begin XCBuildConfiguration section */
		2DCC2A49268B15B700D7251F /* Debug */ = {
			isa = XCBuildConfiguration;
			buildSettings = {
				ALWAYS_SEARCH_USER_PATHS = NO;
				CLANG_ANALYZER_NONNULL = YES;
				CLANG_ANALYZER_NUMBER_OBJECT_CONVERSION = YES_AGGRESSIVE;
				CLANG_CXX_LANGUAGE_STANDARD = "gnu++14";
				CLANG_CXX_LIBRARY = "libc++";
				CLANG_ENABLE_MODULES = YES;
				CLANG_ENABLE_OBJC_ARC = YES;
				CLANG_ENABLE_OBJC_WEAK = YES;
				CLANG_WARN_BLOCK_CAPTURE_AUTORELEASING = YES;
				CLANG_WARN_BOOL_CONVERSION = YES;
				CLANG_WARN_COMMA = YES;
				CLANG_WARN_CONSTANT_CONVERSION = YES;
				CLANG_WARN_DEPRECATED_OBJC_IMPLEMENTATIONS = YES;
				CLANG_WARN_DIRECT_OBJC_ISA_USAGE = YES_ERROR;
				CLANG_WARN_DOCUMENTATION_COMMENTS = YES;
				CLANG_WARN_EMPTY_BODY = YES;
				CLANG_WARN_ENUM_CONVERSION = YES;
				CLANG_WARN_INFINITE_RECURSION = YES;
				CLANG_WARN_INT_CONVERSION = YES;
				CLANG_WARN_NON_LITERAL_NULL_CONVERSION = YES;
				CLANG_WARN_OBJC_IMPLICIT_RETAIN_SELF = YES;
				CLANG_WARN_OBJC_LITERAL_CONVERSION = YES;
				CLANG_WARN_OBJC_ROOT_CLASS = YES_ERROR;
				CLANG_WARN_QUOTED_INCLUDE_IN_FRAMEWORK_HEADER = YES;
				CLANG_WARN_RANGE_LOOP_ANALYSIS = YES;
				CLANG_WARN_STRICT_PROTOTYPES = YES;
				CLANG_WARN_SUSPICIOUS_MOVE = YES;
				CLANG_WARN_UNGUARDED_AVAILABILITY = YES_AGGRESSIVE;
				CLANG_WARN_UNREACHABLE_CODE = YES;
				CLANG_WARN__DUPLICATE_METHOD_MATCH = YES;
				COPY_PHASE_STRIP = NO;
				DEBUG_INFORMATION_FORMAT = dwarf;
				ENABLE_STRICT_OBJC_MSGSEND = YES;
				ENABLE_TESTABILITY = YES;
				GCC_C_LANGUAGE_STANDARD = gnu11;
				GCC_DYNAMIC_NO_PIC = NO;
				GCC_NO_COMMON_BLOCKS = YES;
				GCC_OPTIMIZATION_LEVEL = 0;
				GCC_PREPROCESSOR_DEFINITIONS = (
					"DEBUG=1",
					"$(inherited)",
				);
				GCC_WARN_64_TO_32_BIT_CONVERSION = YES;
				GCC_WARN_ABOUT_RETURN_TYPE = YES_ERROR;
				GCC_WARN_UNDECLARED_SELECTOR = YES;
				GCC_WARN_UNINITIALIZED_AUTOS = YES_AGGRESSIVE;
				GCC_WARN_UNUSED_FUNCTION = YES;
				GCC_WARN_UNUSED_VARIABLE = YES;
				IPHONEOS_DEPLOYMENT_TARGET = 14.5;
				MTL_ENABLE_DEBUG_INFO = INCLUDE_SOURCE;
				MTL_FAST_MATH = YES;
				ONLY_ACTIVE_ARCH = YES;
				SDKROOT = iphoneos;
				SWIFT_ACTIVE_COMPILATION_CONDITIONS = DEBUG;
				SWIFT_OPTIMIZATION_LEVEL = "-Onone";
			};
			name = Debug;
		};
		2DCC2A4A268B15B700D7251F /* Release */ = {
			isa = XCBuildConfiguration;
			buildSettings = {
				ALWAYS_SEARCH_USER_PATHS = NO;
				CLANG_ANALYZER_NONNULL = YES;
				CLANG_ANALYZER_NUMBER_OBJECT_CONVERSION = YES_AGGRESSIVE;
				CLANG_CXX_LANGUAGE_STANDARD = "gnu++14";
				CLANG_CXX_LIBRARY = "libc++";
				CLANG_ENABLE_MODULES = YES;
				CLANG_ENABLE_OBJC_ARC = YES;
				CLANG_ENABLE_OBJC_WEAK = YES;
				CLANG_WARN_BLOCK_CAPTURE_AUTORELEASING = YES;
				CLANG_WARN_BOOL_CONVERSION = YES;
				CLANG_WARN_COMMA = YES;
				CLANG_WARN_CONSTANT_CONVERSION = YES;
				CLANG_WARN_DEPRECATED_OBJC_IMPLEMENTATIONS = YES;
				CLANG_WARN_DIRECT_OBJC_ISA_USAGE = YES_ERROR;
				CLANG_WARN_DOCUMENTATION_COMMENTS = YES;
				CLANG_WARN_EMPTY_BODY = YES;
				CLANG_WARN_ENUM_CONVERSION = YES;
				CLANG_WARN_INFINITE_RECURSION = YES;
				CLANG_WARN_INT_CONVERSION = YES;
				CLANG_WARN_NON_LITERAL_NULL_CONVERSION = YES;
				CLANG_WARN_OBJC_IMPLICIT_RETAIN_SELF = YES;
				CLANG_WARN_OBJC_LITERAL_CONVERSION = YES;
				CLANG_WARN_OBJC_ROOT_CLASS = YES_ERROR;
				CLANG_WARN_QUOTED_INCLUDE_IN_FRAMEWORK_HEADER = YES;
				CLANG_WARN_RANGE_LOOP_ANALYSIS = YES;
				CLANG_WARN_STRICT_PROTOTYPES = YES;
				CLANG_WARN_SUSPICIOUS_MOVE = YES;
				CLANG_WARN_UNGUARDED_AVAILABILITY = YES_AGGRESSIVE;
				CLANG_WARN_UNREACHABLE_CODE = YES;
				CLANG_WARN__DUPLICATE_METHOD_MATCH = YES;
				COPY_PHASE_STRIP = NO;
				DEBUG_INFORMATION_FORMAT = "dwarf-with-dsym";
				ENABLE_NS_ASSERTIONS = NO;
				ENABLE_STRICT_OBJC_MSGSEND = YES;
				GCC_C_LANGUAGE_STANDARD = gnu11;
				GCC_NO_COMMON_BLOCKS = YES;
				GCC_WARN_64_TO_32_BIT_CONVERSION = YES;
				GCC_WARN_ABOUT_RETURN_TYPE = YES_ERROR;
				GCC_WARN_UNDECLARED_SELECTOR = YES;
				GCC_WARN_UNINITIALIZED_AUTOS = YES_AGGRESSIVE;
				GCC_WARN_UNUSED_FUNCTION = YES;
				GCC_WARN_UNUSED_VARIABLE = YES;
				IPHONEOS_DEPLOYMENT_TARGET = 14.5;
				MTL_ENABLE_DEBUG_INFO = NO;
				MTL_FAST_MATH = YES;
				SDKROOT = iphoneos;
				SWIFT_COMPILATION_MODE = wholemodule;
				SWIFT_OPTIMIZATION_LEVEL = "-O";
				VALIDATE_PRODUCT = YES;
			};
			name = Release;
		};
		2DCC2A4C268B15B700D7251F /* Debug */ = {
			isa = XCBuildConfiguration;
			buildSettings = {
				ASSETCATALOG_COMPILER_APPICON_NAME = AppIcon;
				ASSETCATALOG_COMPILER_GLOBAL_ACCENT_COLOR_NAME = AccentColor;
				CODE_SIGN_STYLE = Automatic;
				DEVELOPMENT_ASSET_PATHS = "\"Scrumdinger/Preview Content\"";
				DEVELOPMENT_TEAM = S384QX7SLH;
				ENABLE_PREVIEWS = YES;
				INFOPLIST_FILE = Scrumdinger/Info.plist;
				IPHONEOS_DEPLOYMENT_TARGET = 14.0;
				LD_RUNPATH_SEARCH_PATHS = (
					"$(inherited)",
					"@executable_path/Frameworks",
				);
				PRODUCT_BUNDLE_IDENTIFIER = com.pbcom.Scrumdinger;
				PRODUCT_NAME = "$(TARGET_NAME)";
				SWIFT_VERSION = 5.0;
				TARGETED_DEVICE_FAMILY = "1,2";
			};
			name = Debug;
		};
		2DCC2A4D268B15B700D7251F /* Release */ = {
			isa = XCBuildConfiguration;
			buildSettings = {
				ASSETCATALOG_COMPILER_APPICON_NAME = AppIcon;
				ASSETCATALOG_COMPILER_GLOBAL_ACCENT_COLOR_NAME = AccentColor;
				CODE_SIGN_STYLE = Automatic;
				DEVELOPMENT_ASSET_PATHS = "\"Scrumdinger/Preview Content\"";
				DEVELOPMENT_TEAM = S384QX7SLH;
				ENABLE_PREVIEWS = YES;
				INFOPLIST_FILE = Scrumdinger/Info.plist;
				IPHONEOS_DEPLOYMENT_TARGET = 14.0;
				LD_RUNPATH_SEARCH_PATHS = (
					"$(inherited)",
					"@executable_path/Frameworks",
				);
				PRODUCT_BUNDLE_IDENTIFIER = com.pbcom.Scrumdinger;
				PRODUCT_NAME = "$(TARGET_NAME)";
				SWIFT_VERSION = 5.0;
				TARGETED_DEVICE_FAMILY = "1,2";
			};
			name = Release;
		};
/* End XCBuildConfiguration section */

/* Begin XCConfigurationList section */
		2DCC2A37268B15B400D7251F /* Build configuration list for PBXProject "Scrumdinger" */ = {
			isa = XCConfigurationList;
			buildConfigurations = (
				2DCC2A49268B15B700D7251F /* Debug */,
				2DCC2A4A268B15B700D7251F /* Release */,
			);
			defaultConfigurationIsVisible = 0;
			defaultConfigurationName = Release;
		};
		2DCC2A4B268B15B700D7251F /* Build configuration list for PBXNativeTarget "Scrumdinger" */ = {
			isa = XCConfigurationList;
			buildConfigurations = (
				2DCC2A4C268B15B700D7251F /* Debug */,
				2DCC2A4D268B15B700D7251F /* Release */,
			);
			defaultConfigurationIsVisible = 0;
			defaultConfigurationName = Release;
		};
/* End XCConfigurationList section */
	};
	rootObject = 2DCC2A34268B15B400D7251F /* Project object */;
}
